{
  "nodes": {
    "nix-filter": {
      "locked": {
        "lastModified": 1678109515,
        "narHash": "sha256-C2X+qC80K2C1TOYZT8nabgo05Dw2HST/pSn6s+n6BO8=",
        "owner": "numtide",
        "repo": "nix-filter",
        "rev": "aa9ff6ce4a7f19af6415fb3721eaa513ea6c763c",
        "type": "github"
      },
      "original": {
        "owner": "numtide",
        "repo": "nix-filter",
        "type": "github"
      }
    },
    "nixpkgs": {
      "locked": {
        "lastModified": 1692734709,
        "narHash": "sha256-SCFnyHCyYjwEmgUsHDDuU0TsbVMKeU1vwkR+r7uS2Rg=",
        "owner": "NixOS",
        "repo": "nixpkgs",
        "rev": "b85ed9dcbf187b909ef7964774f8847d554fab3b",
        "type": "github"
      },
      "original": {
        "id": "nixpkgs",
        "ref": "nixos-unstable",
        "type": "indirect"
      }
    },
    "root": {
      "inputs": {
        "nix-filter": "nix-filter",
        "nixpkgs": "nixpkgs",
        "utils": "utils"
      }
    },
    "utils": {
      "locked": {
        "lastModified": 1678901627,
        "narHash": "sha256-U02riOqrKKzwjsxc/400XnElV+UtPUQWpANPlyazjH0=",
        "owner": "numtide",
        "repo": "flake-utils",
        "rev": "93a2b84fc4b70d9e089d029deacc3583435c2ed6",
        "type": "github"
      },
      "original": {
        "owner": "numtide",
        "repo": "flake-utils",
        "type": "github"
      }
    }
  },
  "root": "root",
  "version": 7
}
